// !$*UTF8*$!
{
	archiveVersion = 1;
	classes = {
	};
	objectVersion = 55;
	objects = {

/* Begin PBXBuildFile section */
		6B1D08C1284B9F3E0047D83C /* HomeButton.swift in Sources */ = {isa = PBXBuildFile; fileRef = 6B1D08C0284B9F3E0047D83C /* HomeButton.swift */; };
		6B1D08C3284BA3BF0047D83C /* FruitRowView.swift in Sources */ = {isa = PBXBuildFile; fileRef = 6B1D08C2284BA3BF0047D83C /* FruitRowView.swift */; };
		6B1D08C5284BAD3A0047D83C /* FruitDetailView.swift in Sources */ = {isa = PBXBuildFile; fileRef = 6B1D08C4284BAD3A0047D83C /* FruitDetailView.swift */; };
		6B1D08C7284BEDBB0047D83C /* FruitHeaderView.swift in Sources */ = {isa = PBXBuildFile; fileRef = 6B1D08C6284BEDBB0047D83C /* FruitHeaderView.swift */; };
		6B4F2597284C0DE9007CBD02 /* SourceLinkView.swift in Sources */ = {isa = PBXBuildFile; fileRef = 6B4F2596284C0DE9007CBD02 /* SourceLinkView.swift */; };
		6B4F2599284C1B32007CBD02 /* FruitNutrientsView.swift in Sources */ = {isa = PBXBuildFile; fileRef = 6B4F2598284C1B32007CBD02 /* FruitNutrientsView.swift */; };
		6B807AC9284A7FB7009599C1 /* FruitsApp.swift in Sources */ = {isa = PBXBuildFile; fileRef = 6B807AC8284A7FB7009599C1 /* FruitsApp.swift */; };
		6B807ACB284A7FB7009599C1 /* ContentView.swift in Sources */ = {isa = PBXBuildFile; fileRef = 6B807ACA284A7FB7009599C1 /* ContentView.swift */; };
		6B807ACD284A7FB8009599C1 /* Assets.xcassets in Resources */ = {isa = PBXBuildFile; fileRef = 6B807ACC284A7FB8009599C1 /* Assets.xcassets */; };
		6B807AD0284A7FB8009599C1 /* Preview Assets.xcassets in Resources */ = {isa = PBXBuildFile; fileRef = 6B807ACF284A7FB8009599C1 /* Preview Assets.xcassets */; };
		6B807ADA284A9002009599C1 /* FruitCardView.swift in Sources */ = {isa = PBXBuildFile; fileRef = 6B807AD9284A9002009599C1 /* FruitCardView.swift */; };
		6B807ADC284A9683009599C1 /* StartButton.swift in Sources */ = {isa = PBXBuildFile; fileRef = 6B807ADB284A9683009599C1 /* StartButton.swift */; };
		6B807ADE284A9CD6009599C1 /* OnboardingView.swift in Sources */ = {isa = PBXBuildFile; fileRef = 6B807ADD284A9CD6009599C1 /* OnboardingView.swift */; };
		6B807AE1284AA040009599C1 /* FruitModel.swift in Sources */ = {isa = PBXBuildFile; fileRef = 6B807AE0284AA040009599C1 /* FruitModel.swift */; };
		6B807AE4284AA19B009599C1 /* FruitData.swift in Sources */ = {isa = PBXBuildFile; fileRef = 6B807AE3284AA19B009599C1 /* FruitData.swift */; };
/* End PBXBuildFile section */

/* Begin PBXFileReference section */
		6B1D08C0284B9F3E0047D83C /* HomeButton.swift */ = {isa = PBXFileReference; lastKnownFileType = sourcecode.swift; path = HomeButton.swift; sourceTree = "<group>"; };
		6B1D08C2284BA3BF0047D83C /* FruitRowView.swift */ = {isa = PBXFileReference; lastKnownFileType = sourcecode.swift; path = FruitRowView.swift; sourceTree = "<group>"; };
		6B1D08C4284BAD3A0047D83C /* FruitDetailView.swift */ = {isa = PBXFileReference; lastKnownFileType = sourcecode.swift; path = FruitDetailView.swift; sourceTree = "<group>"; };
		6B1D08C6284BEDBB0047D83C /* FruitHeaderView.swift */ = {isa = PBXFileReference; lastKnownFileType = sourcecode.swift; path = FruitHeaderView.swift; sourceTree = "<group>"; };
		6B4F2596284C0DE9007CBD02 /* SourceLinkView.swift */ = {isa = PBXFileReference; lastKnownFileType = sourcecode.swift; path = SourceLinkView.swift; sourceTree = "<group>"; };
		6B4F2598284C1B32007CBD02 /* FruitNutrientsView.swift */ = {isa = PBXFileReference; lastKnownFileType = sourcecode.swift; path = FruitNutrientsView.swift; sourceTree = "<group>"; };
		6B807AC5284A7FB7009599C1 /* FruitsApp.app */ = {isa = PBXFileReference; explicitFileType = wrapper.application; includeInIndex = 0; path = FruitsApp.app; sourceTree = BUILT_PRODUCTS_DIR; };
		6B807AC8284A7FB7009599C1 /* FruitsApp.swift */ = {isa = PBXFileReference; lastKnownFileType = sourcecode.swift; path = FruitsApp.swift; sourceTree = "<group>"; };
		6B807ACA284A7FB7009599C1 /* ContentView.swift */ = {isa = PBXFileReference; lastKnownFileType = sourcecode.swift; path = ContentView.swift; sourceTree = "<group>"; };
		6B807ACC284A7FB8009599C1 /* Assets.xcassets */ = {isa = PBXFileReference; lastKnownFileType = folder.assetcatalog; path = Assets.xcassets; sourceTree = "<group>"; };
		6B807ACF284A7FB8009599C1 /* Preview Assets.xcassets */ = {isa = PBXFileReference; lastKnownFileType = folder.assetcatalog; path = "Preview Assets.xcassets"; sourceTree = "<group>"; };
		6B807AD9284A9002009599C1 /* FruitCardView.swift */ = {isa = PBXFileReference; lastKnownFileType = sourcecode.swift; path = FruitCardView.swift; sourceTree = "<group>"; };
		6B807ADB284A9683009599C1 /* StartButton.swift */ = {isa = PBXFileReference; lastKnownFileType = sourcecode.swift; path = StartButton.swift; sourceTree = "<group>"; };
		6B807ADD284A9CD6009599C1 /* OnboardingView.swift */ = {isa = PBXFileReference; lastKnownFileType = sourcecode.swift; path = OnboardingView.swift; sourceTree = "<group>"; };
		6B807AE0284AA040009599C1 /* FruitModel.swift */ = {isa = PBXFileReference; lastKnownFileType = sourcecode.swift; path = FruitModel.swift; sourceTree = "<group>"; };
		6B807AE3284AA19B009599C1 /* FruitData.swift */ = {isa = PBXFileReference; lastKnownFileType = sourcecode.swift; path = FruitData.swift; sourceTree = "<group>"; };
/* End PBXFileReference section */

/* Begin PBXFrameworksBuildPhase section */
		6B807AC2284A7FB7009599C1 /* Frameworks */ = {
			isa = PBXFrameworksBuildPhase;
			buildActionMask = 2147483647;
			files = (
			);
			runOnlyForDeploymentPostprocessing = 0;
		};
/* End PBXFrameworksBuildPhase section */

/* Begin PBXGroup section */
		6B807ABC284A7FB7009599C1 = {
			isa = PBXGroup;
			children = (
				6B807AC7284A7FB7009599C1 /* FruitsApp */,
				6B807AC6284A7FB7009599C1 /* Products */,
			);
			sourceTree = "<group>";
		};
		6B807AC6284A7FB7009599C1 /* Products */ = {
			isa = PBXGroup;
			children = (
				6B807AC5284A7FB7009599C1 /* FruitsApp.app */,
			);
			name = Products;
			sourceTree = "<group>";
		};
		6B807AC7284A7FB7009599C1 /* FruitsApp */ = {
			isa = PBXGroup;
			children = (
				6B807AE2284AA187009599C1 /* Data */,
				6B807ADF284AA02E009599C1 /* Model */,
				6B807AD8284A8FD1009599C1 /* Components */,
				6B807AD7284A8FA1009599C1 /* App */,
				6B807AD6284A8F99009599C1 /* View */,
				6B807ACC284A7FB8009599C1 /* Assets.xcassets */,
				6B807ACE284A7FB8009599C1 /* Preview Content */,
			);
			path = FruitsApp;
			sourceTree = "<group>";
		};
		6B807ACE284A7FB8009599C1 /* Preview Content */ = {
			isa = PBXGroup;
			children = (
				6B807ACF284A7FB8009599C1 /* Preview Assets.xcassets */,
			);
			path = "Preview Content";
			sourceTree = "<group>";
		};
		6B807AD6284A8F99009599C1 /* View */ = {
			isa = PBXGroup;
			children = (
				6B807AD9284A9002009599C1 /* FruitCardView.swift */,
				6B1D08C2284BA3BF0047D83C /* FruitRowView.swift */,
				6B1D08C6284BEDBB0047D83C /* FruitHeaderView.swift */,
				6B4F2596284C0DE9007CBD02 /* SourceLinkView.swift */,
				6B4F2598284C1B32007CBD02 /* FruitNutrientsView.swift */,
			);
			path = View;
			sourceTree = "<group>";
		};
		6B807AD7284A8FA1009599C1 /* App */ = {
			isa = PBXGroup;
			children = (
				6B807AC8284A7FB7009599C1 /* FruitsApp.swift */,
				6B807ACA284A7FB7009599C1 /* ContentView.swift */,
				6B807ADD284A9CD6009599C1 /* OnboardingView.swift */,
				6B1D08C4284BAD3A0047D83C /* FruitDetailView.swift */,
			);
			path = App;
			sourceTree = "<group>";
		};
		6B807AD8284A8FD1009599C1 /* Components */ = {
			isa = PBXGroup;
			children = (
				6B807ADB284A9683009599C1 /* StartButton.swift */,
				6B1D08C0284B9F3E0047D83C /* HomeButton.swift */,
			);
			path = Components;
			sourceTree = "<group>";
		};
		6B807ADF284AA02E009599C1 /* Model */ = {
			isa = PBXGroup;
			children = (
				6B807AE0284AA040009599C1 /* FruitModel.swift */,
			);
			path = Model;
			sourceTree = "<group>";
		};
		6B807AE2284AA187009599C1 /* Data */ = {
			isa = PBXGroup;
			children = (
				6B807AE3284AA19B009599C1 /* FruitData.swift */,
			);
			path = Data;
			sourceTree = "<group>";
		};
/* End PBXGroup section */

/* Begin PBXNativeTarget section */
		6B807AC4284A7FB7009599C1 /* FruitsApp */ = {
			isa = PBXNativeTarget;
			buildConfigurationList = 6B807AD3284A7FB8009599C1 /* Build configuration list for PBXNativeTarget "FruitsApp" */;
			buildPhases = (
				6B807AC1284A7FB7009599C1 /* Sources */,
				6B807AC2284A7FB7009599C1 /* Frameworks */,
				6B807AC3284A7FB7009599C1 /* Resources */,
			);
			buildRules = (
			);
			dependencies = (
			);
			name = FruitsApp;
			productName = FruitsApp;
			productReference = 6B807AC5284A7FB7009599C1 /* FruitsApp.app */;
			productType = "com.apple.product-type.application";
		};
/* End PBXNativeTarget section */

/* Begin PBXProject section */
		6B807ABD284A7FB7009599C1 /* Project object */ = {
			isa = PBXProject;
			attributes = {
				BuildIndependentTargetsInParallel = 1;
				LastSwiftUpdateCheck = 1320;
				LastUpgradeCheck = 1320;
				TargetAttributes = {
					6B807AC4284A7FB7009599C1 = {
						CreatedOnToolsVersion = 13.2.1;
					};
				};
			};
			buildConfigurationList = 6B807AC0284A7FB7009599C1 /* Build configuration list for PBXProject "FruitsApp" */;
			compatibilityVersion = "Xcode 13.0";
			developmentRegion = en;
			hasScannedForEncodings = 0;
			knownRegions = (
				en,
				Base,
			);
			mainGroup = 6B807ABC284A7FB7009599C1;
			productRefGroup = 6B807AC6284A7FB7009599C1 /* Products */;
			projectDirPath = "";
			projectRoot = "";
			targets = (
				6B807AC4284A7FB7009599C1 /* FruitsApp */,
			);
		};
/* End PBXProject section */

/* Begin PBXResourcesBuildPhase section */
		6B807AC3284A7FB7009599C1 /* Resources */ = {
			isa = PBXResourcesBuildPhase;
			buildActionMask = 2147483647;
			files = (
				6B807AD0284A7FB8009599C1 /* Preview Assets.xcassets in Resources */,
				6B807ACD284A7FB8009599C1 /* Assets.xcassets in Resources */,
			);
			runOnlyForDeploymentPostprocessing = 0;
		};
/* End PBXResourcesBuildPhase section */

/* Begin PBXSourcesBuildPhase section */
		6B807AC1284A7FB7009599C1 /* Sources */ = {
			isa = PBXSourcesBuildPhase;
			buildActionMask = 2147483647;
			files = (
				6B1D08C1284B9F3E0047D83C /* HomeButton.swift in Sources */,
				6B807AE4284AA19B009599C1 /* FruitData.swift in Sources */,
				6B1D08C5284BAD3A0047D83C /* FruitDetailView.swift in Sources */,
				6B4F2599284C1B32007CBD02 /* FruitNutrientsView.swift in Sources */,
				6B1D08C3284BA3BF0047D83C /* FruitRowView.swift in Sources */,
				6B807ADA284A9002009599C1 /* FruitCardView.swift in Sources */,
				6B807ADC284A9683009599C1 /* StartButton.swift in Sources */,
				6B807ACB284A7FB7009599C1 /* ContentView.swift in Sources */,
				6B1D08C7284BEDBB0047D83C /* FruitHeaderView.swift in Sources */,
				6B807ADE284A9CD6009599C1 /* OnboardingView.swift in Sources */,
				6B4F2597284C0DE9007CBD02 /* SourceLinkView.swift in Sources */,
				6B807AE1284AA040009599C1 /* FruitModel.swift in Sources */,
				6B807AC9284A7FB7009599C1 /* FruitsApp.swift in Sources */,
			);
			runOnlyForDeploymentPostprocessing = 0;
		};
/* End PBXSourcesBuildPhase section */

/* Begin XCBuildConfiguration section */
		6B807AD1284A7FB8009599C1 /* Debug */ = {
			isa = XCBuildConfiguration;
			buildSettings = {
				ALWAYS_SEARCH_USER_PATHS = NO;
				CLANG_ANALYZER_NONNULL = YES;
				CLANG_ANALYZER_NUMBER_OBJECT_CONVERSION = YES_AGGRESSIVE;
				CLANG_CXX_LANGUAGE_STANDARD = "gnu++17";
				CLANG_CXX_LIBRARY = "libc++";
				CLANG_ENABLE_MODULES = YES;
				CLANG_ENABLE_OBJC_ARC = YES;
				CLANG_ENABLE_OBJC_WEAK = YES;
				CLANG_WARN_BLOCK_CAPTURE_AUTORELEASING = YES;
				CLANG_WARN_BOOL_CONVERSION = YES;
				CLANG_WARN_COMMA = YES;
				CLANG_WARN_CONSTANT_CONVERSION = YES;
				CLANG_WARN_DEPRECATED_OBJC_IMPLEMENTATIONS = YES;
				CLANG_WARN_DIRECT_OBJC_ISA_USAGE = YES_ERROR;
				CLANG_WARN_DOCUMENTATION_COMMENTS = YES;
				CLANG_WARN_EMPTY_BODY = YES;
				CLANG_WARN_ENUM_CONVERSION = YES;
				CLANG_WARN_INFINITE_RECURSION = YES;
				CLANG_WARN_INT_CONVERSION = YES;
				CLANG_WARN_NON_LITERAL_NULL_CONVERSION = YES;
				CLANG_WARN_OBJC_IMPLICIT_RETAIN_SELF = YES;
				CLANG_WARN_OBJC_LITERAL_CONVERSION = YES;
				CLANG_WARN_OBJC_ROOT_CLASS = YES_ERROR;
				CLANG_WARN_QUOTED_INCLUDE_IN_FRAMEWORK_HEADER = YES;
				CLANG_WARN_RANGE_LOOP_ANALYSIS = YES;
				CLANG_WARN_STRICT_PROTOTYPES = YES;
				CLANG_WARN_SUSPICIOUS_MOVE = YES;
				CLANG_WARN_UNGUARDED_AVAILABILITY = YES_AGGRESSIVE;
				CLANG_WARN_UNREACHABLE_CODE = YES;
				CLANG_WARN__DUPLICATE_METHOD_MATCH = YES;
				COPY_PHASE_STRIP = NO;
				DEBUG_INFORMATION_FORMAT = dwarf;
				ENABLE_STRICT_OBJC_MSGSEND = YES;
				ENABLE_TESTABILITY = YES;
				GCC_C_LANGUAGE_STANDARD = gnu11;
				GCC_DYNAMIC_NO_PIC = NO;
				GCC_NO_COMMON_BLOCKS = YES;
				GCC_OPTIMIZATION_LEVEL = 0;
				GCC_PREPROCESSOR_DEFINITIONS = (
					"DEBUG=1",
					"$(inherited)",
				);
				GCC_WARN_64_TO_32_BIT_CONVERSION = YES;
				GCC_WARN_ABOUT_RETURN_TYPE = YES_ERROR;
				GCC_WARN_UNDECLARED_SELECTOR = YES;
				GCC_WARN_UNINITIALIZED_AUTOS = YES_AGGRESSIVE;
				GCC_WARN_UNUSED_FUNCTION = YES;
				GCC_WARN_UNUSED_VARIABLE = YES;
				IPHONEOS_DEPLOYMENT_TARGET = 15.2;
				MTL_ENABLE_DEBUG_INFO = INCLUDE_SOURCE;
				MTL_FAST_MATH = YES;
				ONLY_ACTIVE_ARCH = YES;
				SDKROOT = iphoneos;
				SWIFT_ACTIVE_COMPILATION_CONDITIONS = DEBUG;
				SWIFT_OPTIMIZATION_LEVEL = "-Onone";
			};
			name = Debug;
		};
		6B807AD2284A7FB8009599C1 /* Release */ = {
			isa = XCBuildConfiguration;
			buildSettings = {
				ALWAYS_SEARCH_USER_PATHS = NO;
				CLANG_ANALYZER_NONNULL = YES;
				CLANG_ANALYZER_NUMBER_OBJECT_CONVERSION = YES_AGGRESSIVE;
				CLANG_CXX_LANGUAGE_STANDARD = "gnu++17";
				CLANG_CXX_LIBRARY = "libc++";
				CLANG_ENABLE_MODULES = YES;
				CLANG_ENABLE_OBJC_ARC = YES;
				CLANG_ENABLE_OBJC_WEAK = YES;
				CLANG_WARN_BLOCK_CAPTURE_AUTORELEASING = YES;
				CLANG_WARN_BOOL_CONVERSION = YES;
				CLANG_WARN_COMMA = YES;
				CLANG_WARN_CONSTANT_CONVERSION = YES;
				CLANG_WARN_DEPRECATED_OBJC_IMPLEMENTATIONS = YES;
				CLANG_WARN_DIRECT_OBJC_ISA_USAGE = YES_ERROR;
				CLANG_WARN_DOCUMENTATION_COMMENTS = YES;
				CLANG_WARN_EMPTY_BODY = YES;
				CLANG_WARN_ENUM_CONVERSION = YES;
				CLANG_WARN_INFINITE_RECURSION = YES;
				CLANG_WARN_INT_CONVERSION = YES;
				CLANG_WARN_NON_LITERAL_NULL_CONVERSION = YES;
				CLANG_WARN_OBJC_IMPLICIT_RETAIN_SELF = YES;
				CLANG_WARN_OBJC_LITERAL_CONVERSION = YES;
				CLANG_WARN_OBJC_ROOT_CLASS = YES_ERROR;
				CLANG_WARN_QUOTED_INCLUDE_IN_FRAMEWORK_HEADER = YES;
				CLANG_WARN_RANGE_LOOP_ANALYSIS = YES;
				CLANG_WARN_STRICT_PROTOTYPES = YES;
				CLANG_WARN_SUSPICIOUS_MOVE = YES;
				CLANG_WARN_UNGUARDED_AVAILABILITY = YES_AGGRESSIVE;
				CLANG_WARN_UNREACHABLE_CODE = YES;
				CLANG_WARN__DUPLICATE_METHOD_MATCH = YES;
				COPY_PHASE_STRIP = NO;
				DEBUG_INFORMATION_FORMAT = "dwarf-with-dsym";
				ENABLE_NS_ASSERTIONS = NO;
				ENABLE_STRICT_OBJC_MSGSEND = YES;
				GCC_C_LANGUAGE_STANDARD = gnu11;
				GCC_NO_COMMON_BLOCKS = YES;
				GCC_WARN_64_TO_32_BIT_CONVERSION = YES;
				GCC_WARN_ABOUT_RETURN_TYPE = YES_ERROR;
				GCC_WARN_UNDECLARED_SELECTOR = YES;
				GCC_WARN_UNINITIALIZED_AUTOS = YES_AGGRESSIVE;
				GCC_WARN_UNUSED_FUNCTION = YES;
				GCC_WARN_UNUSED_VARIABLE = YES;
				IPHONEOS_DEPLOYMENT_TARGET = 15.2;
				MTL_ENABLE_DEBUG_INFO = NO;
				MTL_FAST_MATH = YES;
				SDKROOT = iphoneos;
				SWIFT_COMPILATION_MODE = wholemodule;
				SWIFT_OPTIMIZATION_LEVEL = "-O";
				VALIDATE_PRODUCT = YES;
			};
			name = Release;
		};
		6B807AD4284A7FB8009599C1 /* Debug */ = {
			isa = XCBuildConfiguration;
			buildSettings = {
				ASSETCATALOG_COMPILER_APPICON_NAME = AppIcon;
				ASSETCATALOG_COMPILER_GLOBAL_ACCENT_COLOR_NAME = AccentColor;
				CODE_SIGN_STYLE = Automatic;
				CURRENT_PROJECT_VERSION = 1;
				DEVELOPMENT_ASSET_PATHS = "\"FruitsApp/Preview Content\"";
				DEVELOPMENT_TEAM = 4L4J55S35A;
				ENABLE_PREVIEWS = YES;
				GENERATE_INFOPLIST_FILE = YES;
				INFOPLIST_KEY_UIApplicationSceneManifest_Generation = YES;
				INFOPLIST_KEY_UIApplicationSupportsIndirectInputEvents = YES;
				INFOPLIST_KEY_UILaunchScreen_Generation = YES;
				INFOPLIST_KEY_UISupportedInterfaceOrientations = UIInterfaceOrientationPortrait;
				INFOPLIST_KEY_UISupportedInterfaceOrientations_iPad = "UIInterfaceOrientationPortrait UIInterfaceOrientationPortraitUpsideDown UIInterfaceOrientationLandscapeLeft UIInterfaceOrientationLandscapeRight";
				INFOPLIST_KEY_UISupportedInterfaceOrientations_iPhone = UIInterfaceOrientationPortrait;
				LD_RUNPATH_SEARCH_PATHS = (
					"$(inherited)",
					"@executable_path/Frameworks",
				);
				MARKETING_VERSION = 1.0;
				PRODUCT_BUNDLE_IDENTIFIER = "Brandon-Taylor.FruitsApp";
				PRODUCT_NAME = "$(TARGET_NAME)";
				SWIFT_EMIT_LOC_STRINGS = YES;
				SWIFT_VERSION = 5.0;
				TARGETED_DEVICE_FAMILY = "1,2";
			};
			name = Debug;
		};
		6B807AD5284A7FB8009599C1 /* Release */ = {
			isa = XCBuildConfiguration;
			buildSettings = {
				ASSETCATALOG_COMPILER_APPICON_NAME = AppIcon;
				ASSETCATALOG_COMPILER_GLOBAL_ACCENT_COLOR_NAME = AccentColor;
				CODE_SIGN_STYLE = Automatic;
				CURRENT_PROJECT_VERSION = 1;
				DEVELOPMENT_ASSET_PATHS = "\"FruitsApp/Preview Content\"";
				DEVELOPMENT_TEAM = 4L4J55S35A;
				ENABLE_PREVIEWS = YES;
				GENERATE_INFOPLIST_FILE = YES;
				INFOPLIST_KEY_UIApplicationSceneManifest_Generation = YES;
				INFOPLIST_KEY_UIApplicationSupportsIndirectInputEvents = YES;
				INFOPLIST_KEY_UILaunchScreen_Generation = YES;
				INFOPLIST_KEY_UISupportedInterfaceOrientations = UIInterfaceOrientationPortrait;
				INFOPLIST_KEY_UISupportedInterfaceOrientations_iPad = "UIInterfaceOrientationPortrait UIInterfaceOrientationPortraitUpsideDown UIInterfaceOrientationLandscapeLeft UIInterfaceOrientationLandscapeRight";
				INFOPLIST_KEY_UISupportedInterfaceOrientations_iPhone = UIInterfaceOrientationPortrait;
				LD_RUNPATH_SEARCH_PATHS = (
					"$(inherited)",
					"@executable_path/Frameworks",
				);
				MARKETING_VERSION = 1.0;
				PRODUCT_BUNDLE_IDENTIFIER = "Brandon-Taylor.FruitsApp";
				PRODUCT_NAME = "$(TARGET_NAME)";
				SWIFT_EMIT_LOC_STRINGS = YES;
				SWIFT_VERSION = 5.0;
				TARGETED_DEVICE_FAMILY = "1,2";
			};
			name = Release;
		};
/* End XCBuildConfiguration section */

/* Begin XCConfigurationList section */
		6B807AC0284A7FB7009599C1 /* Build configuration list for PBXProject "FruitsApp" */ = {
			isa = XCConfigurationList;
			buildConfigurations = (
				6B807AD1284A7FB8009599C1 /* Debug */,
				6B807AD2284A7FB8009599C1 /* Release */,
			);
			defaultConfigurationIsVisible = 0;
			defaultConfigurationName = Release;
		};
		6B807AD3284A7FB8009599C1 /* Build configuration list for PBXNativeTarget "FruitsApp" */ = {
			isa = XCConfigurationList;
			buildConfigurations = (
				6B807AD4284A7FB8009599C1 /* Debug */,
				6B807AD5284A7FB8009599C1 /* Release */,
			);
			defaultConfigurationIsVisible = 0;
			defaultConfigurationName = Release;
		};
/* End XCConfigurationList section */
	};
	rootObject = 6B807ABD284A7FB7009599C1 /* Project object */;
}
